// !$*UTF8*$!
{
	archiveVersion = 1;
	classes = {
	};
	objectVersion = 48;
	objects = {

/* Begin PBXBuildFile section */
		0899E0151FE74EEE0040AF48 /* ListObject.swift in Sources */ = {isa = PBXBuildFile; fileRef = 0899E0141FE74EEE0040AF48 /* ListObject.swift */; };
		08DBB6A81FE4B41700C8ED35 /* AppDelegate.swift in Sources */ = {isa = PBXBuildFile; fileRef = 08DBB6A71FE4B41700C8ED35 /* AppDelegate.swift */; };
		08DBB6AA1FE4B41700C8ED35 /* ViewController.swift in Sources */ = {isa = PBXBuildFile; fileRef = 08DBB6A91FE4B41700C8ED35 /* ViewController.swift */; };
		08DBB6AC1FE4B41700C8ED35 /* Assets.xcassets in Resources */ = {isa = PBXBuildFile; fileRef = 08DBB6AB1FE4B41700C8ED35 /* Assets.xcassets */; };
		08DBB6AF1FE4B41700C8ED35 /* Main.storyboard in Resources */ = {isa = PBXBuildFile; fileRef = 08DBB6AD1FE4B41700C8ED35 /* Main.storyboard */; };
		08DBB6B81FE4B4DC00C8ED35 /* SettingsViewController.swift in Sources */ = {isa = PBXBuildFile; fileRef = 08DBB6B71FE4B4DC00C8ED35 /* SettingsViewController.swift */; };
		08DBB6BB1FE4C12900C8ED35 /* Quartz.framework in Frameworks */ = {isa = PBXBuildFile; fileRef = 08DBB6BA1FE4C12900C8ED35 /* Quartz.framework */; };
/* End PBXBuildFile section */

/* Begin PBXFileReference section */
		0899E0141FE74EEE0040AF48 /* ListObject.swift */ = {isa = PBXFileReference; lastKnownFileType = sourcecode.swift; path = ListObject.swift; sourceTree = "<group>"; };
		08DBB6A41FE4B41600C8ED35 /* SharpIcons.app */ = {isa = PBXFileReference; explicitFileType = wrapper.application; includeInIndex = 0; path = SharpIcons.app; sourceTree = BUILT_PRODUCTS_DIR; };
		08DBB6A71FE4B41700C8ED35 /* AppDelegate.swift */ = {isa = PBXFileReference; lastKnownFileType = sourcecode.swift; path = AppDelegate.swift; sourceTree = "<group>"; };
		08DBB6A91FE4B41700C8ED35 /* ViewController.swift */ = {isa = PBXFileReference; lastKnownFileType = sourcecode.swift; path = ViewController.swift; sourceTree = "<group>"; };
		08DBB6AB1FE4B41700C8ED35 /* Assets.xcassets */ = {isa = PBXFileReference; lastKnownFileType = folder.assetcatalog; path = Assets.xcassets; sourceTree = "<group>"; };
		08DBB6AE1FE4B41700C8ED35 /* Base */ = {isa = PBXFileReference; lastKnownFileType = file.storyboard; name = Base; path = Base.lproj/Main.storyboard; sourceTree = "<group>"; };
		08DBB6B01FE4B41700C8ED35 /* Info.plist */ = {isa = PBXFileReference; lastKnownFileType = text.plist.xml; path = Info.plist; sourceTree = "<group>"; };
		08DBB6B11FE4B41700C8ED35 /* SharpIcons.entitlements */ = {isa = PBXFileReference; lastKnownFileType = text.plist.entitlements; path = SharpIcons.entitlements; sourceTree = "<group>"; };
		08DBB6B71FE4B4DC00C8ED35 /* SettingsViewController.swift */ = {isa = PBXFileReference; lastKnownFileType = sourcecode.swift; path = SettingsViewController.swift; sourceTree = "<group>"; };
		08DBB6BA1FE4C12900C8ED35 /* Quartz.framework */ = {isa = PBXFileReference; lastKnownFileType = wrapper.framework; name = Quartz.framework; path = System/Library/Frameworks/Quartz.framework; sourceTree = SDKROOT; };
/* End PBXFileReference section */

/* Begin PBXFrameworksBuildPhase section */
		08DBB6A11FE4B41600C8ED35 /* Frameworks */ = {
			isa = PBXFrameworksBuildPhase;
			buildActionMask = 2147483647;
			files = (
				08DBB6BB1FE4C12900C8ED35 /* Quartz.framework in Frameworks */,
			);
			runOnlyForDeploymentPostprocessing = 0;
		};
/* End PBXFrameworksBuildPhase section */

/* Begin PBXGroup section */
		08DBB69B1FE4B41600C8ED35 = {
			isa = PBXGroup;
			children = (
				08DBB6A61FE4B41600C8ED35 /* SharpIcons */,
				08DBB6A51FE4B41600C8ED35 /* Products */,
				08DBB6B91FE4C12900C8ED35 /* Frameworks */,
			);
			sourceTree = "<group>";
		};
		08DBB6A51FE4B41600C8ED35 /* Products */ = {
			isa = PBXGroup;
			children = (
				08DBB6A41FE4B41600C8ED35 /* SharpIcons.app */,
			);
			name = Products;
			sourceTree = "<group>";
		};
		08DBB6A61FE4B41600C8ED35 /* SharpIcons */ = {
			isa = PBXGroup;
			children = (
				0899E0141FE74EEE0040AF48 /* ListObject.swift */,
				08DBB6A71FE4B41700C8ED35 /* AppDelegate.swift */,
				08DBB6A91FE4B41700C8ED35 /* ViewController.swift */,
				08DBB6B71FE4B4DC00C8ED35 /* SettingsViewController.swift */,
				08DBB6AB1FE4B41700C8ED35 /* Assets.xcassets */,
				08DBB6AD1FE4B41700C8ED35 /* Main.storyboard */,
				08DBB6B01FE4B41700C8ED35 /* Info.plist */,
				08DBB6B11FE4B41700C8ED35 /* SharpIcons.entitlements */,
			);
			path = SharpIcons;
			sourceTree = "<group>";
		};
		08DBB6B91FE4C12900C8ED35 /* Frameworks */ = {
			isa = PBXGroup;
			children = (
				08DBB6BA1FE4C12900C8ED35 /* Quartz.framework */,
			);
			name = Frameworks;
			sourceTree = "<group>";
		};
/* End PBXGroup section */

/* Begin PBXNativeTarget section */
		08DBB6A31FE4B41600C8ED35 /* SharpIcons */ = {
			isa = PBXNativeTarget;
			buildConfigurationList = 08DBB6B41FE4B41700C8ED35 /* Build configuration list for PBXNativeTarget "SharpIcons" */;
			buildPhases = (
				08DBB6A01FE4B41600C8ED35 /* Sources */,
				08DBB6A11FE4B41600C8ED35 /* Frameworks */,
				08DBB6A21FE4B41600C8ED35 /* Resources */,
			);
			buildRules = (
			);
			dependencies = (
			);
			name = SharpIcons;
			productName = SharpIcons;
			productReference = 08DBB6A41FE4B41600C8ED35 /* SharpIcons.app */;
			productType = "com.apple.product-type.application";
		};
/* End PBXNativeTarget section */

/* Begin PBXProject section */
		08DBB69C1FE4B41600C8ED35 /* Project object */ = {
			isa = PBXProject;
			attributes = {
				LastSwiftUpdateCheck = 0920;
				LastUpgradeCheck = 0920;
				ORGANIZATIONNAME = maginawin;
				TargetAttributes = {
					08DBB6A31FE4B41600C8ED35 = {
						CreatedOnToolsVersion = 9.2;
						ProvisioningStyle = Automatic;
						SystemCapabilities = {
							com.apple.Sandbox = {
								enabled = 0;
							};
						};
					};
				};
			};
			buildConfigurationList = 08DBB69F1FE4B41600C8ED35 /* Build configuration list for PBXProject "SharpIcons" */;
			compatibilityVersion = "Xcode 8.0";
			developmentRegion = en;
			hasScannedForEncodings = 0;
			knownRegions = (
				en,
				Base,
			);
			mainGroup = 08DBB69B1FE4B41600C8ED35;
			productRefGroup = 08DBB6A51FE4B41600C8ED35 /* Products */;
			projectDirPath = "";
			projectRoot = "";
			targets = (
				08DBB6A31FE4B41600C8ED35 /* SharpIcons */,
			);
		};
/* End PBXProject section */

/* Begin PBXResourcesBuildPhase section */
		08DBB6A21FE4B41600C8ED35 /* Resources */ = {
			isa = PBXResourcesBuildPhase;
			buildActionMask = 2147483647;
			files = (
				08DBB6AC1FE4B41700C8ED35 /* Assets.xcassets in Resources */,
				08DBB6AF1FE4B41700C8ED35 /* Main.storyboard in Resources */,
			);
			runOnlyForDeploymentPostprocessing = 0;
		};
/* End PBXResourcesBuildPhase section */

/* Begin PBXSourcesBuildPhase section */
		08DBB6A01FE4B41600C8ED35 /* Sources */ = {
			isa = PBXSourcesBuildPhase;
			buildActionMask = 2147483647;
			files = (
				08DBB6AA1FE4B41700C8ED35 /* ViewController.swift in Sources */,
				08DBB6A81FE4B41700C8ED35 /* AppDelegate.swift in Sources */,
				0899E0151FE74EEE0040AF48 /* ListObject.swift in Sources */,
				08DBB6B81FE4B4DC00C8ED35 /* SettingsViewController.swift in Sources */,
			);
			runOnlyForDeploymentPostprocessing = 0;
		};
/* End PBXSourcesBuildPhase section */

/* Begin PBXVariantGroup section */
		08DBB6AD1FE4B41700C8ED35 /* Main.storyboard */ = {
			isa = PBXVariantGroup;
			children = (
				08DBB6AE1FE4B41700C8ED35 /* Base */,
			);
			name = Main.storyboard;
			sourceTree = "<group>";
		};
/* End PBXVariantGroup section */

/* Begin XCBuildConfiguration section */
		08DBB6B21FE4B41700C8ED35 /* Debug */ = {
			isa = XCBuildConfiguration;
			buildSettings = {
				ALWAYS_SEARCH_USER_PATHS = NO;
				CLANG_ANALYZER_NONNULL = YES;
				CLANG_ANALYZER_NUMBER_OBJECT_CONVERSION = YES_AGGRESSIVE;
				CLANG_CXX_LANGUAGE_STANDARD = "gnu++14";
				CLANG_CXX_LIBRARY = "libc++";
				CLANG_ENABLE_MODULES = YES;
				CLANG_ENABLE_OBJC_ARC = YES;
				CLANG_WARN_BLOCK_CAPTURE_AUTORELEASING = YES;
				CLANG_WARN_BOOL_CONVERSION = YES;
				CLANG_WARN_COMMA = YES;
				CLANG_WARN_CONSTANT_CONVERSION = YES;
				CLANG_WARN_DIRECT_OBJC_ISA_USAGE = YES_ERROR;
				CLANG_WARN_DOCUMENTATION_COMMENTS = YES;
				CLANG_WARN_EMPTY_BODY = YES;
				CLANG_WARN_ENUM_CONVERSION = YES;
				CLANG_WARN_INFINITE_RECURSION = YES;
				CLANG_WARN_INT_CONVERSION = YES;
				CLANG_WARN_NON_LITERAL_NULL_CONVERSION = YES;
				CLANG_WARN_OBJC_LITERAL_CONVERSION = YES;
				CLANG_WARN_OBJC_ROOT_CLASS = YES_ERROR;
				CLANG_WARN_RANGE_LOOP_ANALYSIS = YES;
				CLANG_WARN_STRICT_PROTOTYPES = YES;
				CLANG_WARN_SUSPICIOUS_MOVE = YES;
				CLANG_WARN_UNGUARDED_AVAILABILITY = YES_AGGRESSIVE;
				CLANG_WARN_UNREACHABLE_CODE = YES;
				CLANG_WARN__DUPLICATE_METHOD_MATCH = YES;
				CODE_SIGN_IDENTITY = "Mac Developer";
				COPY_PHASE_STRIP = NO;
				DEBUG_INFORMATION_FORMAT = dwarf;
				ENABLE_STRICT_OBJC_MSGSEND = YES;
				ENABLE_TESTABILITY = YES;
				GCC_C_LANGUAGE_STANDARD = gnu11;
				GCC_DYNAMIC_NO_PIC = NO;
				GCC_NO_COMMON_BLOCKS = YES;
				GCC_OPTIMIZATION_LEVEL = 0;
				GCC_PREPROCESSOR_DEFINITIONS = (
					"DEBUG=1",
					"$(inherited)",
				);
				GCC_WARN_64_TO_32_BIT_CONVERSION = YES;
				GCC_WARN_ABOUT_RETURN_TYPE = YES_ERROR;
				GCC_WARN_UNDECLARED_SELECTOR = YES;
				GCC_WARN_UNINITIALIZED_AUTOS = YES_AGGRESSIVE;
				GCC_WARN_UNUSED_FUNCTION = YES;
				GCC_WARN_UNUSED_VARIABLE = YES;
				MACOSX_DEPLOYMENT_TARGET = 10.13;
				MTL_ENABLE_DEBUG_INFO = YES;
				ONLY_ACTIVE_ARCH = YES;
				SDKROOT = macosx;
				SWIFT_ACTIVE_COMPILATION_CONDITIONS = DEBUG;
				SWIFT_OPTIMIZATION_LEVEL = "-Onone";
			};
			name = Debug;
		};
		08DBB6B31FE4B41700C8ED35 /* Release */ = {
			isa = XCBuildConfiguration;
			buildSettings = {
				ALWAYS_SEARCH_USER_PATHS = NO;
				CLANG_ANALYZER_NONNULL = YES;
				CLANG_ANALYZER_NUMBER_OBJECT_CONVERSION = YES_AGGRESSIVE;
				CLANG_CXX_LANGUAGE_STANDARD = "gnu++14";
				CLANG_CXX_LIBRARY = "libc++";
				CLANG_ENABLE_MODULES = YES;
				CLANG_ENABLE_OBJC_ARC = YES;
				CLANG_WARN_BLOCK_CAPTURE_AUTORELEASING = YES;
				CLANG_WARN_BOOL_CONVERSION = YES;
				CLANG_WARN_COMMA = YES;
				CLANG_WARN_CONSTANT_CONVERSION = YES;
				CLANG_WARN_DIRECT_OBJC_ISA_USAGE = YES_ERROR;
				CLANG_WARN_DOCUMENTATION_COMMENTS = YES;
				CLANG_WARN_EMPTY_BODY = YES;
				CLANG_WARN_ENUM_CONVERSION = YES;
				CLANG_WARN_INFINITE_RECURSION = YES;
				CLANG_WARN_INT_CONVERSION = YES;
				CLANG_WARN_NON_LITERAL_NULL_CONVERSION = YES;
				CLANG_WARN_OBJC_LITERAL_CONVERSION = YES;
				CLANG_WARN_OBJC_ROOT_CLASS = YES_ERROR;
				CLANG_WARN_RANGE_LOOP_ANALYSIS = YES;
				CLANG_WARN_STRICT_PROTOTYPES = YES;
				CLANG_WARN_SUSPICIOUS_MOVE = YES;
				CLANG_WARN_UNGUARDED_AVAILABILITY = YES_AGGRESSIVE;
				CLANG_WARN_UNREACHABLE_CODE = YES;
				CLANG_WARN__DUPLICATE_METHOD_MATCH = YES;
				CODE_SIGN_IDENTITY = "Mac Developer";
				COPY_PHASE_STRIP = NO;
				DEBUG_INFORMATION_FORMAT = "dwarf-with-dsym";
				ENABLE_NS_ASSERTIONS = NO;
				ENABLE_STRICT_OBJC_MSGSEND = YES;
				GCC_C_LANGUAGE_STANDARD = gnu11;
				GCC_NO_COMMON_BLOCKS = YES;
				GCC_WARN_64_TO_32_BIT_CONVERSION = YES;
				GCC_WARN_ABOUT_RETURN_TYPE = YES_ERROR;
				GCC_WARN_UNDECLARED_SELECTOR = YES;
				GCC_WARN_UNINITIALIZED_AUTOS = YES_AGGRESSIVE;
				GCC_WARN_UNUSED_FUNCTION = YES;
				GCC_WARN_UNUSED_VARIABLE = YES;
				MACOSX_DEPLOYMENT_TARGET = 10.13;
				MTL_ENABLE_DEBUG_INFO = NO;
				SDKROOT = macosx;
				SWIFT_OPTIMIZATION_LEVEL = "-Owholemodule";
			};
			name = Release;
		};
		08DBB6B51FE4B41700C8ED35 /* Debug */ = {
			isa = XCBuildConfiguration;
			buildSettings = {
				ASSETCATALOG_COMPILER_APPICON_NAME = AppIcon;
				CODE_SIGN_STYLE = Automatic;
				COMBINE_HIDPI_IMAGES = YES;
				DEVELOPMENT_TEAM = E2JH7JE7JN;
				INFOPLIST_FILE = SharpIcons/Info.plist;
				LD_RUNPATH_SEARCH_PATHS = "$(inherited) @executable_path/../Frameworks";
				MACOSX_DEPLOYMENT_TARGET = 10.10;
				PRODUCT_BUNDLE_IDENTIFIER = com.maginawin.SharpIcons;
				PRODUCT_NAME = "$(TARGET_NAME)";
				SWIFT_VERSION = 4.0;
			};
			name = Debug;
		};
		08DBB6B61FE4B41700C8ED35 /* Release */ = {
			isa = XCBuildConfiguration;
			buildSettings = {
				ASSETCATALOG_COMPILER_APPICON_NAME = AppIcon;
				CODE_SIGN_STYLE = Automatic;
				COMBINE_HIDPI_IMAGES = YES;
				DEVELOPMENT_TEAM = E2JH7JE7JN;
				INFOPLIST_FILE = SharpIcons/Info.plist;
				LD_RUNPATH_SEARCH_PATHS = "$(inherited) @executable_path/../Frameworks";
				MACOSX_DEPLOYMENT_TARGET = 10.10;
				PRODUCT_BUNDLE_IDENTIFIER = com.maginawin.SharpIcons;
				PRODUCT_NAME = "$(TARGET_NAME)";
				SWIFT_VERSION = 4.0;
			};
			name = Release;
		};
/* End XCBuildConfiguration section */

/* Begin XCConfigurationList section */
		08DBB69F1FE4B41600C8ED35 /* Build configuration list for PBXProject "SharpIcons" */ = {
			isa = XCConfigurationList;
			buildConfigurations = (
				08DBB6B21FE4B41700C8ED35 /* Debug */,
				08DBB6B31FE4B41700C8ED35 /* Release */,
			);
			defaultConfigurationIsVisible = 0;
			defaultConfigurationName = Release;
		};
		08DBB6B41FE4B41700C8ED35 /* Build configuration list for PBXNativeTarget "SharpIcons" */ = {
			isa = XCConfigurationList;
			buildConfigurations = (
				08DBB6B51FE4B41700C8ED35 /* Debug */,
				08DBB6B61FE4B41700C8ED35 /* Release */,
			);
			defaultConfigurationIsVisible = 0;
			defaultConfigurationName = Release;
		};
/* End XCConfigurationList section */
	};
	rootObject = 08DBB69C1FE4B41600C8ED35 /* Project object */;
}
